
Microsoft Visual Studio Solution File, Format Version 12.00
# Visual Studio Version 16
VisualStudioVersion = 16.0.30330.147
MinimumVisualStudioVersion = 10.0.40219.1
Project("{FAE04EC0-301F-11D3-BF4B-00C04F79EFBC}") = "Consumer", "Consumer\Consumer.csproj", "{7B27ED24-2222-4E35-91A9-DCAD25DC2F9E}"
EndProject
Global
	GlobalSection(SolutionConfigurationPlatforms) = preSolution
		Debug|Any CPU = Debug|Any CPU
		Release|Any CPU = Release|Any CPU
	EndGlobalSection
	GlobalSection(ProjectConfigurationPlatforms) = postSolution
		{7B27ED24-2222-4E35-91A9-DCAD25DC2F9E}.Debug|Any CPU.ActiveCfg = Debug|Any CPU
		{7B27ED24-2222-4E35-91A9-DCAD25DC2F9E}.Debug|Any CPU.Build.0 = Debug|Any CPU
		{7B27ED24-2222-4E35-91A9-DCAD25DC2F9E}.Release|Any CPU.ActiveCfg = Release|Any CPU
		{7B27ED24-2222-4E35-91A9-DCAD25DC2F9E}.Release|Any CPU.Build.0 = Release|Any CPU
	EndGlobalSection
	GlobalSection(SolutionProperties) = preSolution
		HideSolutionNode = FALSE
	EndGlobalSection
	GlobalSection(ExtensibilityGlobals) = postSolution
		SolutionGuid = {9F20365A-30FB-4A9B-863D-7540628D6269}
	EndGlobalSection
EndGlobal
